
Microsoft Visual Studio Solution File, Format Version 12.00
# Visual Studio Version 16
VisualStudioVersion = 16.0.30907.101
MinimumVisualStudioVersion = 10.0.40219.1
Project("{FAE04EC0-301F-11D3-BF4B-00C04F79EFBC}") = "ClassMetotDemo", "ClassMetotDemo\ClassMetotDemo.csproj", "{4324230D-CDD0-4D70-A282-D04CA7524068}"
EndProject
Global
	GlobalSection(SolutionConfigurationPlatforms) = preSolution
		Debug|Any CPU = Debug|Any CPU
		Release|Any CPU = Release|Any CPU
	EndGlobalSection
	GlobalSection(ProjectConfigurationPlatforms) = postSolution
		{4324230D-CDD0-4D70-A282-D04CA7524068}.Debug|Any CPU.ActiveCfg = Debug|Any CPU
		{4324230D-CDD0-4D70-A282-D04CA7524068}.Debug|Any CPU.Build.0 = Debug|Any CPU
		{4324230D-CDD0-4D70-A282-D04CA7524068}.Release|Any CPU.ActiveCfg = Release|Any CPU
		{4324230D-CDD0-4D70-A282-D04CA7524068}.Release|Any CPU.Build.0 = Release|Any CPU
	EndGlobalSection
	GlobalSection(SolutionProperties) = preSolution
		HideSolutionNode = FALSE
	EndGlobalSection
	GlobalSection(ExtensibilityGlobals) = postSolution
		SolutionGuid = {81AE45C3-08AA-4A1C-8BB9-5CCBDF450A69}
	EndGlobalSection
EndGlobal
